
Microsoft Visual Studio Solution File, Format Version 12.00
# Visual Studio Version 16
VisualStudioVersion = 16.0.30114.105
MinimumVisualStudioVersion = 10.0.40219.1
Project("{FAE04EC0-301F-11D3-BF4B-00C04F79EFBC}") = "MeuEstoque.Web", "MeuEstoque.Web\MeuEstoque.Web.csproj", "{43F4CC0C-853F-403C-BF0A-43A2A1838CC0}"
EndProject
Project("{FAE04EC0-301F-11D3-BF4B-00C04F79EFBC}") = "MeuEstoque.Domain", "MeuEstoque.Domain\MeuEstoque.Domain.csproj", "{7292557D-6269-486C-B790-CD6BAE64CB86}"
EndProject
Global
	GlobalSection(SolutionConfigurationPlatforms) = preSolution
		Debug|Any CPU = Debug|Any CPU
		Debug|x64 = Debug|x64
		Debug|x86 = Debug|x86
		Release|Any CPU = Release|Any CPU
		Release|x64 = Release|x64
		Release|x86 = Release|x86
	EndGlobalSection
	GlobalSection(SolutionProperties) = preSolution
		HideSolutionNode = FALSE
	EndGlobalSection
	GlobalSection(ProjectConfigurationPlatforms) = postSolution
		{43F4CC0C-853F-403C-BF0A-43A2A1838CC0}.Debug|Any CPU.ActiveCfg = Debug|Any CPU
		{43F4CC0C-853F-403C-BF0A-43A2A1838CC0}.Debug|Any CPU.Build.0 = Debug|Any CPU
		{43F4CC0C-853F-403C-BF0A-43A2A1838CC0}.Debug|x64.ActiveCfg = Debug|Any CPU
		{43F4CC0C-853F-403C-BF0A-43A2A1838CC0}.Debug|x64.Build.0 = Debug|Any CPU
		{43F4CC0C-853F-403C-BF0A-43A2A1838CC0}.Debug|x86.ActiveCfg = Debug|Any CPU
		{43F4CC0C-853F-403C-BF0A-43A2A1838CC0}.Debug|x86.Build.0 = Debug|Any CPU
		{43F4CC0C-853F-403C-BF0A-43A2A1838CC0}.Release|Any CPU.ActiveCfg = Release|Any CPU
		{43F4CC0C-853F-403C-BF0A-43A2A1838CC0}.Release|Any CPU.Build.0 = Release|Any CPU
		{43F4CC0C-853F-403C-BF0A-43A2A1838CC0}.Release|x64.ActiveCfg = Release|Any CPU
		{43F4CC0C-853F-403C-BF0A-43A2A1838CC0}.Release|x64.Build.0 = Release|Any CPU
		{43F4CC0C-853F-403C-BF0A-43A2A1838CC0}.Release|x86.ActiveCfg = Release|Any CPU
		{43F4CC0C-853F-403C-BF0A-43A2A1838CC0}.Release|x86.Build.0 = Release|Any CPU
		{7292557D-6269-486C-B790-CD6BAE64CB86}.Debug|Any CPU.ActiveCfg = Debug|Any CPU
		{7292557D-6269-486C-B790-CD6BAE64CB86}.Debug|Any CPU.Build.0 = Debug|Any CPU
		{7292557D-6269-486C-B790-CD6BAE64CB86}.Debug|x64.ActiveCfg = Debug|Any CPU
		{7292557D-6269-486C-B790-CD6BAE64CB86}.Debug|x64.Build.0 = Debug|Any CPU
		{7292557D-6269-486C-B790-CD6BAE64CB86}.Debug|x86.ActiveCfg = Debug|Any CPU
		{7292557D-6269-486C-B790-CD6BAE64CB86}.Debug|x86.Build.0 = Debug|Any CPU
		{7292557D-6269-486C-B790-CD6BAE64CB86}.Release|Any CPU.ActiveCfg = Release|Any CPU
		{7292557D-6269-486C-B790-CD6BAE64CB86}.Release|Any CPU.Build.0 = Release|Any CPU
		{7292557D-6269-486C-B790-CD6BAE64CB86}.Release|x64.ActiveCfg = Release|Any CPU
		{7292557D-6269-486C-B790-CD6BAE64CB86}.Release|x64.Build.0 = Release|Any CPU
		{7292557D-6269-486C-B790-CD6BAE64CB86}.Release|x86.ActiveCfg = Release|Any CPU
		{7292557D-6269-486C-B790-CD6BAE64CB86}.Release|x86.Build.0 = Release|Any CPU
	EndGlobalSection
EndGlobal
